
Microsoft Visual Studio Solution File, Format Version 12.00
# Visual Studio Version 17
VisualStudioVersion = 17.5.33414.496
MinimumVisualStudioVersion = 10.0.40219.1
Project("{FAE04EC0-301F-11D3-BF4B-00C04F79EFBC}") = "ProjTurismoAPIEF", "ProjTurismoAPIEF\ProjTurismoAPIEF.csproj", "{2DB07F5F-4704-499E-9165-4A21D7D7B938}"
EndProject
Global
	GlobalSection(SolutionConfigurationPlatforms) = preSolution
		Debug|Any CPU = Debug|Any CPU
		Release|Any CPU = Release|Any CPU
	EndGlobalSection
	GlobalSection(ProjectConfigurationPlatforms) = postSolution
		{2DB07F5F-4704-499E-9165-4A21D7D7B938}.Debug|Any CPU.ActiveCfg = Debug|Any CPU
		{2DB07F5F-4704-499E-9165-4A21D7D7B938}.Debug|Any CPU.Build.0 = Debug|Any CPU
		{2DB07F5F-4704-499E-9165-4A21D7D7B938}.Release|Any CPU.ActiveCfg = Release|Any CPU
		{2DB07F5F-4704-499E-9165-4A21D7D7B938}.Release|Any CPU.Build.0 = Release|Any CPU
	EndGlobalSection
	GlobalSection(SolutionProperties) = preSolution
		HideSolutionNode = FALSE
	EndGlobalSection
	GlobalSection(ExtensibilityGlobals) = postSolution
		SolutionGuid = {05F9EBB3-8481-42D9-9346-2FEDF6BFB12B}
	EndGlobalSection
EndGlobal
